# This file is autogenerated, do not edit; changes may be undone by the next 'dep ensure'.


[[projects]]
  name = "github.com/PuerkitoBio/purell"
  packages = ["."]
  revision = "0bcb03f4b4d0a9428594752bd2a3b9aa0a9d4bd4"
  version = "v1.1.0"

[[projects]]
  branch = "master"
  name = "github.com/PuerkitoBio/urlesc"
  packages = ["."]
  revision = "de5bf2ad457846296e2031421a34e2568e304e35"

[[projects]]
  name = "github.com/asaskevich/govalidator"
  packages = ["."]
  revision = "ccb8e960c48f04d6935e72476ae4a51028f9e22f"
  version = "v9"

[[projects]]
  name = "github.com/fsnotify/fsnotify"
  packages = ["."]
  revision = "c2828203cd70a50dcccfb2761f8b1f8ceef9a8e9"
  version = "v1.4.7"

[[projects]]
  branch = "master"
  name = "github.com/go-openapi/analysis"
  packages = [
    ".",
    "internal"
  ]
  revision = "b006789cd277d4fa4d16767046d694a256c6a218"

[[projects]]
  branch = "master"
  name = "github.com/go-openapi/errors"
  packages = ["."]
  revision = "87bb653288778f8b0d922c5c3fb8b3f00a47ff28"

[[projects]]
  name = "github.com/go-openapi/inflect"
  packages = ["."]
  revision = "b1f6470ffb9c552dc105dd869f16e36ba86ba7d0"
  version = "0.16.0"

[[projects]]
  name = "github.com/go-openapi/jsonpointer"
  packages = ["."]
  revision = "3a0015ad55fa9873f41605d3e8f28cd279c32ab2"
  version = "0.16.0"

[[projects]]
  name = "github.com/go-openapi/jsonreference"
  packages = ["."]
  revision = "3fb327e6747da3043567ee86abd02bb6376b6be2"
  version = "0.16.0"

[[projects]]
  branch = "master"
  name = "github.com/go-openapi/loads"
  packages = [
    ".",
    "fmts"
  ]
  revision = "fd899182a268dcf25de088722375311d9dee2662"

[[projects]]
  branch = "master"
  name = "github.com/go-openapi/runtime"
  packages = ["."]
  revision = "d9c45e0a7fc845ce535233f4022219b66b240fd5"

[[projects]]
  branch = "master"
  name = "github.com/go-openapi/spec"
  packages = ["."]
  revision = "f1468acb3b29cdd5c5f6fa29435d2d2d6e6c9ff1"

[[projects]]
  branch = "master"
  name = "github.com/go-openapi/strfmt"
  packages = ["."]
  revision = "6292e8b5de3b3535638b89eb165304ffa1e7cfae"

[[projects]]
  branch = "master"
  name = "github.com/go-openapi/swag"
  packages = ["."]
  revision = "0dc164b7900e799f72456fa00bbdfbd362deed9b"

[[projects]]
  branch = "master"
  name = "github.com/go-openapi/validate"
  packages = ["."]
  revision = "e0648ff405079d973622f8b2bf739ed3a1c5cd9b"

[[projects]]
  name = "github.com/go-swagger/go-swagger"
  packages = [
    "cmd/swagger/commands/generate",
    "generator",
    "scan"
  ]
  revision = "dd867fd63c30269ac217004c102f47a1774d4f5a"
  version = "0.16.0"

[[projects]]
  name = "github.com/hashicorp/hcl"
  packages = [
    ".",
    "hcl/ast",
    "hcl/parser",
    "hcl/printer",
    "hcl/scanner",
    "hcl/strconv",
    "hcl/token",
    "json/parser",
    "json/scanner",
    "json/token"
  ]
  revision = "8cb6e5b959231cc1119e43259c4a608f9c51a241"
  version = "v1.0.0"

[[projects]]
  name = "github.com/jessevdk/go-flags"
  packages = ["."]
  revision = "c6ca198ec95c841fdb89fc0de7496fed11ab854e"
  version = "v1.4.0"

[[projects]]
  branch = "master"
  name = "github.com/jteeuwen/go-bindata"
  packages = ["."]
  revision = "6025e8de665b31fa74ab1a66f2cddd8c0abf887e"

[[projects]]
  name = "github.com/kr/pretty"
  packages = ["."]
  revision = "73f6ac0b30a98e433b289500d779f50c1a6f0712"
  version = "v0.1.0"

[[projects]]
  name = "github.com/kr/text"
  packages = ["."]
  revision = "e2ffdb16a802fe2bb95e2e35ff34f0e53aeef34f"
  version = "v0.1.0"

[[projects]]
  name = "github.com/magiconair/properties"
  packages = ["."]
  revision = "c2353362d570a7bfa228149c62842019201cfb71"
  version = "v1.8.0"

[[projects]]
  branch = "master"
  name = "github.com/mailru/easyjson"
  packages = [
    "buffer",
    "jlexer",
    "jwriter"
  ]
  revision = "60711f1a8329503b04e1c88535f419d0bb440bff"

[[projects]]
  name = "github.com/mitchellh/mapstructure"
  packages = ["."]
  revision = "fa473d140ef3c6adf42d6b391fe76707f1f243c8"
  version = "v1.0.0"

[[projects]]
  name = "github.com/pelletier/go-toml"
  packages = ["."]
  revision = "c01d1270ff3e442a8a57cddc1c92dc1138598194"
  version = "v1.2.0"

[[projects]]
  name = "github.com/spf13/afero"
  packages = [
    ".",
    "mem"
  ]
  revision = "d40851caa0d747393da1ffb28f7f9d8b4eeffebd"
  version = "v1.1.2"

[[projects]]
  name = "github.com/spf13/cast"
  packages = ["."]
  revision = "8965335b8c7107321228e3e3702cab9832751bac"
  version = "v1.2.0"

[[projects]]
  name = "github.com/spf13/jwalterweatherman"
  packages = ["."]
  revision = "4a4406e478ca629068e7768fc33f3f044173c0a6"
  version = "v1.0.0"

[[projects]]
  name = "github.com/spf13/pflag"
  packages = ["."]
  revision = "9a97c102cda95a86cec2345a6f09f55a939babf5"
  version = "v1.0.2"

[[projects]]
  branch = "master"
  name = "github.com/spf13/viper"
  packages = ["."]
  revision = "3171ef9a229903ce60a9513ec3899b63c003e91c"

[[projects]]
  branch = "master"
  name = "golang.org/x/net"
  packages = [
    "context",
    "idna"
  ]
  revision = "161cd47e91fd58ac17490ef4d742dc98bb4cf60e"

[[projects]]
  branch = "master"
  name = "golang.org/x/sys"
  packages = ["unix"]
  revision = "8cf3aee429924738c56c34bb819c4ea8273fc434"

[[projects]]
  name = "golang.org/x/text"
  packages = [
    "collate",
    "collate/build",
    "internal/colltab",
    "internal/gen",
    "internal/tag",
    "internal/triegen",
    "internal/ucd",
    "language",
    "secure/bidirule",
    "transform",
    "unicode/bidi",
    "unicode/cldr",
    "unicode/norm",
    "unicode/rangetable",
    "width"
  ]
  revision = "f21a4dfb5e38f5895301dc265a8def02365cc3d0"
  version = "v0.3.0"

[[projects]]
  branch = "master"
  name = "golang.org/x/tools"
  packages = [
    "go/ast/astutil",
    "go/buildutil",
    "go/internal/cgo",
    "go/loader",
    "imports",
    "internal/fastwalk"
  ]
  revision = "0aa4b8830f481fed77b73cf7cea2bc3129e05148"

[[projects]]
  branch = "v2"
  name = "gopkg.in/mgo.v2"
  packages = [
    "bson",
    "internal/json"
  ]
  revision = "9856a29383ce1c59f308dd1cf0363a79b5bef6b5"

[[projects]]
  name = "gopkg.in/yaml.v2"
  packages = ["."]
  revision = "5420a8b6744d3b0345ab293f6fcba19c978f1183"
  version = "v2.2.1"

[solve-meta]
  analyzer-name = "dep"
  analyzer-version = 1
  inputs-digest = "c9cbcff037e702a47ac857d029541914dd60c4cd2813688db89154bbbfb956b5"
  solver-name = "gps-cdcl"
  solver-version = 1
